
Microsoft Visual Studio Solution File, Format Version 12.00
# Visual Studio Version 16
VisualStudioVersion = 16.0.32602.291
MinimumVisualStudioVersion = 10.0.40219.1
Project("{FAE04EC0-301F-11D3-BF4B-00C04F79EFBC}") = "PR. Antuh", "PR. Antuh\PR. Antuh.csproj", "{ACC486BD-40B2-4383-B6FE-AFF36D4A07F1}"
EndProject
Global
	GlobalSection(SolutionConfigurationPlatforms) = preSolution
		Debug|Any CPU = Debug|Any CPU
		Release|Any CPU = Release|Any CPU
	EndGlobalSection
	GlobalSection(ProjectConfigurationPlatforms) = postSolution
		{ACC486BD-40B2-4383-B6FE-AFF36D4A07F1}.Debug|Any CPU.ActiveCfg = Debug|Any CPU
		{ACC486BD-40B2-4383-B6FE-AFF36D4A07F1}.Debug|Any CPU.Build.0 = Debug|Any CPU
		{ACC486BD-40B2-4383-B6FE-AFF36D4A07F1}.Release|Any CPU.ActiveCfg = Release|Any CPU
		{ACC486BD-40B2-4383-B6FE-AFF36D4A07F1}.Release|Any CPU.Build.0 = Release|Any CPU
	EndGlobalSection
	GlobalSection(SolutionProperties) = preSolution
		HideSolutionNode = FALSE
	EndGlobalSection
	GlobalSection(ExtensibilityGlobals) = postSolution
		SolutionGuid = {C3938BA1-5AA9-45FE-8029-4CD2F8940995}
	EndGlobalSection
EndGlobal
